
Microsoft Visual Studio Solution File, Format Version 12.00
# Visual Studio Version 16
VisualStudioVersion = 16.0.28803.452
MinimumVisualStudioVersion = 10.0.40219.1
Project("{FAE04EC0-301F-11D3-BF4B-00C04F79EFBC}") = "Domain", "Domain\Domain.csproj", "{C98826F8-FD18-4B51-97E0-43A6AC474EB1}"
EndProject
Project("{FAE04EC0-301F-11D3-BF4B-00C04F79EFBC}") = "Services", "Services\Services.csproj", "{AA44E672-A90A-4D9C-BC9A-8163022E7323}"
EndProject
Project("{FAE04EC0-301F-11D3-BF4B-00C04F79EFBC}") = "Repository", "Repository\Repository.csproj", "{0B6F8A34-A5C2-4458-9DCB-A410806A55BA}"
EndProject
Project("{9A19103F-16F7-4668-BE54-9A1E7A4F7556}") = "ConsoleApp1", "ConsoleApp1\ConsoleApp1.csproj", "{D2A97A8A-D4FF-45F9-BB36-FE203D1BE8C5}"
EndProject
Project("{FAE04EC0-301F-11D3-BF4B-00C04F79EFBC}") = "WebApplication", "WebApplication\WebApplication.csproj", "{1A42C20E-5497-4EF1-9218-CE282A7DCE85}"
EndProject
Project("{FAE04EC0-301F-11D3-BF4B-00C04F79EFBC}") = "WebApplicationMvc", "WebApplicationMvc\WebApplicationMvc.csproj", "{C9A2A95E-9AB8-46C7-AEB5-114C13B0800A}"
EndProject
Global
	GlobalSection(SolutionConfigurationPlatforms) = preSolution
		Debug|Any CPU = Debug|Any CPU
		Release|Any CPU = Release|Any CPU
	EndGlobalSection
	GlobalSection(ProjectConfigurationPlatforms) = postSolution
		{C98826F8-FD18-4B51-97E0-43A6AC474EB1}.Debug|Any CPU.ActiveCfg = Debug|Any CPU
		{C98826F8-FD18-4B51-97E0-43A6AC474EB1}.Debug|Any CPU.Build.0 = Debug|Any CPU
		{C98826F8-FD18-4B51-97E0-43A6AC474EB1}.Release|Any CPU.ActiveCfg = Release|Any CPU
		{C98826F8-FD18-4B51-97E0-43A6AC474EB1}.Release|Any CPU.Build.0 = Release|Any CPU
		{AA44E672-A90A-4D9C-BC9A-8163022E7323}.Debug|Any CPU.ActiveCfg = Debug|Any CPU
		{AA44E672-A90A-4D9C-BC9A-8163022E7323}.Debug|Any CPU.Build.0 = Debug|Any CPU
		{AA44E672-A90A-4D9C-BC9A-8163022E7323}.Release|Any CPU.ActiveCfg = Release|Any CPU
		{AA44E672-A90A-4D9C-BC9A-8163022E7323}.Release|Any CPU.Build.0 = Release|Any CPU
		{0B6F8A34-A5C2-4458-9DCB-A410806A55BA}.Debug|Any CPU.ActiveCfg = Debug|Any CPU
		{0B6F8A34-A5C2-4458-9DCB-A410806A55BA}.Debug|Any CPU.Build.0 = Debug|Any CPU
		{0B6F8A34-A5C2-4458-9DCB-A410806A55BA}.Release|Any CPU.ActiveCfg = Release|Any CPU
		{0B6F8A34-A5C2-4458-9DCB-A410806A55BA}.Release|Any CPU.Build.0 = Release|Any CPU
		{D2A97A8A-D4FF-45F9-BB36-FE203D1BE8C5}.Debug|Any CPU.ActiveCfg = Debug|Any CPU
		{D2A97A8A-D4FF-45F9-BB36-FE203D1BE8C5}.Debug|Any CPU.Build.0 = Debug|Any CPU
		{D2A97A8A-D4FF-45F9-BB36-FE203D1BE8C5}.Release|Any CPU.ActiveCfg = Release|Any CPU
		{D2A97A8A-D4FF-45F9-BB36-FE203D1BE8C5}.Release|Any CPU.Build.0 = Release|Any CPU
		{1A42C20E-5497-4EF1-9218-CE282A7DCE85}.Debug|Any CPU.ActiveCfg = Debug|Any CPU
		{1A42C20E-5497-4EF1-9218-CE282A7DCE85}.Debug|Any CPU.Build.0 = Debug|Any CPU
		{1A42C20E-5497-4EF1-9218-CE282A7DCE85}.Release|Any CPU.ActiveCfg = Release|Any CPU
		{1A42C20E-5497-4EF1-9218-CE282A7DCE85}.Release|Any CPU.Build.0 = Release|Any CPU
		{C9A2A95E-9AB8-46C7-AEB5-114C13B0800A}.Debug|Any CPU.ActiveCfg = Debug|Any CPU
		{C9A2A95E-9AB8-46C7-AEB5-114C13B0800A}.Debug|Any CPU.Build.0 = Debug|Any CPU
		{C9A2A95E-9AB8-46C7-AEB5-114C13B0800A}.Release|Any CPU.ActiveCfg = Release|Any CPU
		{C9A2A95E-9AB8-46C7-AEB5-114C13B0800A}.Release|Any CPU.Build.0 = Release|Any CPU
	EndGlobalSection
	GlobalSection(SolutionProperties) = preSolution
		HideSolutionNode = FALSE
	EndGlobalSection
	GlobalSection(ExtensibilityGlobals) = postSolution
		SolutionGuid = {8532B947-28BA-4745-81B8-60C22EDCADC4}
	EndGlobalSection
EndGlobal
